
Microsoft Visual Studio Solution File, Format Version 12.00
# Visual Studio Version 17
VisualStudioVersion = 17.2.32519.379
MinimumVisualStudioVersion = 10.0.40219.1
Project("{9A19103F-16F7-4668-BE54-9A1E7A4F7556}") = "Jira_Connector", "Jira_Connector\Jira_Connector.csproj", "{249C8EDA-1AE2-4B3F-B0D5-13D74179615F}"
EndProject
Global
	GlobalSection(SolutionConfigurationPlatforms) = preSolution
		Debug|Any CPU = Debug|Any CPU
		Release|Any CPU = Release|Any CPU
	EndGlobalSection
	GlobalSection(ProjectConfigurationPlatforms) = postSolution
		{249C8EDA-1AE2-4B3F-B0D5-13D74179615F}.Debug|Any CPU.ActiveCfg = Debug|Any CPU
		{249C8EDA-1AE2-4B3F-B0D5-13D74179615F}.Debug|Any CPU.Build.0 = Debug|Any CPU
		{249C8EDA-1AE2-4B3F-B0D5-13D74179615F}.Release|Any CPU.ActiveCfg = Release|Any CPU
		{249C8EDA-1AE2-4B3F-B0D5-13D74179615F}.Release|Any CPU.Build.0 = Release|Any CPU
	EndGlobalSection
	GlobalSection(SolutionProperties) = preSolution
		HideSolutionNode = FALSE
	EndGlobalSection
	GlobalSection(ExtensibilityGlobals) = postSolution
		SolutionGuid = {AD30B9D3-A41B-44C9-916A-D55918836EE3}
	EndGlobalSection
EndGlobal
