
Microsoft Visual Studio Solution File, Format Version 12.00
# Visual Studio Version 17
VisualStudioVersion = 17.2.32519.379
MinimumVisualStudioVersion = 10.0.40219.1
Project("{9A19103F-16F7-4668-BE54-9A1E7A4F7556}") = "DocuSign_Connector", "DocuSign_Connector\DocuSign_Connector.csproj", "{77C5142E-BB16-4405-A185-2C3D83CF3DCB}"
EndProject
Global
	GlobalSection(SolutionConfigurationPlatforms) = preSolution
		Debug|Any CPU = Debug|Any CPU
		Release|Any CPU = Release|Any CPU
	EndGlobalSection
	GlobalSection(ProjectConfigurationPlatforms) = postSolution
		{77C5142E-BB16-4405-A185-2C3D83CF3DCB}.Debug|Any CPU.ActiveCfg = Debug|Any CPU
		{77C5142E-BB16-4405-A185-2C3D83CF3DCB}.Debug|Any CPU.Build.0 = Debug|Any CPU
		{77C5142E-BB16-4405-A185-2C3D83CF3DCB}.Release|Any CPU.ActiveCfg = Release|Any CPU
		{77C5142E-BB16-4405-A185-2C3D83CF3DCB}.Release|Any CPU.Build.0 = Release|Any CPU
	EndGlobalSection
	GlobalSection(SolutionProperties) = preSolution
		HideSolutionNode = FALSE
	EndGlobalSection
	GlobalSection(ExtensibilityGlobals) = postSolution
		SolutionGuid = {BFA4C0F2-7A54-4DF3-9BA7-018474F538FA}
	EndGlobalSection
EndGlobal
